// !$*UTF8*$!
{
	archiveVersion = 1;
	classes = {
	};
	objectVersion = 46;
	objects = {

/* Begin PBXBuildFile section */
		2E7C16E509A2C35FDA790CC2 /* libPods-TestGame.a in Frameworks */ = {isa = PBXBuildFile; fileRef = 71F041A8B1DCE07B9545B285 /* libPods-TestGame.a */; };
		73174BC41AD28665000ACAB7 /* ImageStructureAnalyser.m in Sources */ = {isa = PBXBuildFile; fileRef = 73174BC31AD28665000ACAB7 /* ImageStructureAnalyser.m */; };
		73174BD41AD2CBAE000ACAB7 /* Window.m in Sources */ = {isa = PBXBuildFile; fileRef = 73174BCD1AD2CBAE000ACAB7 /* Window.m */; };
		73174BD51AD2CBAE000ACAB7 /* KPCScaleToFillNSImageView.m in Sources */ = {isa = PBXBuildFile; fileRef = 73174BCF1AD2CBAE000ACAB7 /* KPCScaleToFillNSImageView.m */; };
		73174BD61AD2CBAE000ACAB7 /* NSMutableArray+MultidimensionalAdditions.m in Sources */ = {isa = PBXBuildFile; fileRef = 73174BD11AD2CBAE000ACAB7 /* NSMutableArray+MultidimensionalAdditions.m */; };
		73174BD71AD2CBAE000ACAB7 /* NSImage+ImageProcessing.m in Sources */ = {isa = PBXBuildFile; fileRef = 73174BD31AD2CBAE000ACAB7 /* NSImage+ImageProcessing.m */; };
		73AC7A481AD1A5C900393598 /* AppDelegate.m in Sources */ = {isa = PBXBuildFile; fileRef = 73AC7A471AD1A5C900393598 /* AppDelegate.m */; };
		73AC7A4A1AD1A5C900393598 /* main.m in Sources */ = {isa = PBXBuildFile; fileRef = 73AC7A491AD1A5C900393598 /* main.m */; };
		73AC7A4D1AD1A5C900393598 /* GameScene.m in Sources */ = {isa = PBXBuildFile; fileRef = 73AC7A4C1AD1A5C900393598 /* GameScene.m */; };
		73AC7A4F1AD1A5C900393598 /* GameScene.sks in Resources */ = {isa = PBXBuildFile; fileRef = 73AC7A4E1AD1A5C900393598 /* GameScene.sks */; };
		73AC7A511AD1A5C900393598 /* Images.xcassets in Resources */ = {isa = PBXBuildFile; fileRef = 73AC7A501AD1A5C900393598 /* Images.xcassets */; };
		73AC7A541AD1A5C900393598 /* MainMenu.xib in Resources */ = {isa = PBXBuildFile; fileRef = 73AC7A521AD1A5C900393598 /* MainMenu.xib */; };
		73AC7A601AD1A5C900393598 /* TestGameTests.m in Sources */ = {isa = PBXBuildFile; fileRef = 73AC7A5F1AD1A5C900393598 /* TestGameTests.m */; };
/* End PBXBuildFile section */

/* Begin PBXContainerItemProxy section */
		73AC7A5A1AD1A5C900393598 /* PBXContainerItemProxy */ = {
			isa = PBXContainerItemProxy;
			containerPortal = 73AC7A391AD1A5C900393598 /* Project object */;
			proxyType = 1;
			remoteGlobalIDString = 73AC7A401AD1A5C900393598;
			remoteInfo = TestGame;
		};
/* End PBXContainerItemProxy section */

/* Begin PBXFileReference section */
		075EE40033CDF5C9C796EEB0 /* Pods-TestGame.debug.xcconfig */ = {isa = PBXFileReference; includeInIndex = 1; lastKnownFileType = text.xcconfig; name = "Pods-TestGame.debug.xcconfig"; path = "Pods/Target Support Files/Pods-TestGame/Pods-TestGame.debug.xcconfig"; sourceTree = "<group>"; };
		71F041A8B1DCE07B9545B285 /* libPods-TestGame.a */ = {isa = PBXFileReference; explicitFileType = archive.ar; includeInIndex = 0; path = "libPods-TestGame.a"; sourceTree = BUILT_PRODUCTS_DIR; };
		73174BC21AD28665000ACAB7 /* ImageStructureAnalyser.h */ = {isa = PBXFileReference; fileEncoding = 4; lastKnownFileType = sourcecode.c.h; path = ImageStructureAnalyser.h; sourceTree = "<group>"; };
		73174BC31AD28665000ACAB7 /* ImageStructureAnalyser.m */ = {isa = PBXFileReference; fileEncoding = 4; lastKnownFileType = sourcecode.c.objc; path = ImageStructureAnalyser.m; sourceTree = "<group>"; };
		73174BCC1AD2CBAE000ACAB7 /* Window.h */ = {isa = PBXFileReference; fileEncoding = 4; lastKnownFileType = sourcecode.c.h; path = Window.h; sourceTree = "<group>"; };
		73174BCD1AD2CBAE000ACAB7 /* Window.m */ = {isa = PBXFileReference; fileEncoding = 4; lastKnownFileType = sourcecode.c.objc; path = Window.m; sourceTree = "<group>"; };
		73174BCE1AD2CBAE000ACAB7 /* KPCScaleToFillNSImageView.h */ = {isa = PBXFileReference; fileEncoding = 4; lastKnownFileType = sourcecode.c.h; path = KPCScaleToFillNSImageView.h; sourceTree = "<group>"; };
		73174BCF1AD2CBAE000ACAB7 /* KPCScaleToFillNSImageView.m */ = {isa = PBXFileReference; fileEncoding = 4; lastKnownFileType = sourcecode.c.objc; path = KPCScaleToFillNSImageView.m; sourceTree = "<group>"; };
		73174BD01AD2CBAE000ACAB7 /* NSMutableArray+MultidimensionalAdditions.h */ = {isa = PBXFileReference; fileEncoding = 4; lastKnownFileType = sourcecode.c.h; path = "NSMutableArray+MultidimensionalAdditions.h"; sourceTree = "<group>"; };
		73174BD11AD2CBAE000ACAB7 /* NSMutableArray+MultidimensionalAdditions.m */ = {isa = PBXFileReference; fileEncoding = 4; lastKnownFileType = sourcecode.c.objc; path = "NSMutableArray+MultidimensionalAdditions.m"; sourceTree = "<group>"; };
		73174BD21AD2CBAE000ACAB7 /* NSImage+ImageProcessing.h */ = {isa = PBXFileReference; fileEncoding = 4; lastKnownFileType = sourcecode.c.h; path = "NSImage+ImageProcessing.h"; sourceTree = "<group>"; };
		73174BD31AD2CBAE000ACAB7 /* NSImage+ImageProcessing.m */ = {isa = PBXFileReference; fileEncoding = 4; lastKnownFileType = sourcecode.c.objc; path = "NSImage+ImageProcessing.m"; sourceTree = "<group>"; };
		73AC7A411AD1A5C900393598 /* TestGame.app */ = {isa = PBXFileReference; explicitFileType = wrapper.application; includeInIndex = 0; path = TestGame.app; sourceTree = BUILT_PRODUCTS_DIR; };
		73AC7A451AD1A5C900393598 /* Info.plist */ = {isa = PBXFileReference; lastKnownFileType = text.plist.xml; path = Info.plist; sourceTree = "<group>"; };
		73AC7A461AD1A5C900393598 /* AppDelegate.h */ = {isa = PBXFileReference; lastKnownFileType = sourcecode.c.h; path = AppDelegate.h; sourceTree = "<group>"; };
		73AC7A471AD1A5C900393598 /* AppDelegate.m */ = {isa = PBXFileReference; lastKnownFileType = sourcecode.c.objc; path = AppDelegate.m; sourceTree = "<group>"; };
		73AC7A491AD1A5C900393598 /* main.m */ = {isa = PBXFileReference; lastKnownFileType = sourcecode.c.objc; path = main.m; sourceTree = "<group>"; };
		73AC7A4B1AD1A5C900393598 /* GameScene.h */ = {isa = PBXFileReference; lastKnownFileType = sourcecode.c.h; path = GameScene.h; sourceTree = "<group>"; };
		73AC7A4C1AD1A5C900393598 /* GameScene.m */ = {isa = PBXFileReference; lastKnownFileType = sourcecode.c.objc; path = GameScene.m; sourceTree = "<group>"; };
		73AC7A4E1AD1A5C900393598 /* GameScene.sks */ = {isa = PBXFileReference; lastKnownFileType = file.sks; path = GameScene.sks; sourceTree = "<group>"; };
		73AC7A501AD1A5C900393598 /* Images.xcassets */ = {isa = PBXFileReference; lastKnownFileType = folder.assetcatalog; path = Images.xcassets; sourceTree = "<group>"; };
		73AC7A531AD1A5C900393598 /* Base */ = {isa = PBXFileReference; lastKnownFileType = file.xib; name = Base; path = Base.lproj/MainMenu.xib; sourceTree = "<group>"; };
		73AC7A591AD1A5C900393598 /* TestGameTests.xctest */ = {isa = PBXFileReference; explicitFileType = wrapper.cfbundle; includeInIndex = 0; path = TestGameTests.xctest; sourceTree = BUILT_PRODUCTS_DIR; };
		73AC7A5E1AD1A5C900393598 /* Info.plist */ = {isa = PBXFileReference; lastKnownFileType = text.plist.xml; path = Info.plist; sourceTree = "<group>"; };
		73AC7A5F1AD1A5C900393598 /* TestGameTests.m */ = {isa = PBXFileReference; lastKnownFileType = sourcecode.c.objc; path = TestGameTests.m; sourceTree = "<group>"; };
		890361CAA36FA5A6824BB7AB /* Pods-TestGame.release.xcconfig */ = {isa = PBXFileReference; includeInIndex = 1; lastKnownFileType = text.xcconfig; name = "Pods-TestGame.release.xcconfig"; path = "Pods/Target Support Files/Pods-TestGame/Pods-TestGame.release.xcconfig"; sourceTree = "<group>"; };
/* End PBXFileReference section */

/* Begin PBXFrameworksBuildPhase section */
		73AC7A3E1AD1A5C900393598 /* Frameworks */ = {
			isa = PBXFrameworksBuildPhase;
			buildActionMask = 2147483647;
			files = (
				2E7C16E509A2C35FDA790CC2 /* libPods-TestGame.a in Frameworks */,
			);
			runOnlyForDeploymentPostprocessing = 0;
		};
		73AC7A561AD1A5C900393598 /* Frameworks */ = {
			isa = PBXFrameworksBuildPhase;
			buildActionMask = 2147483647;
			files = (
			);
			runOnlyForDeploymentPostprocessing = 0;
		};
/* End PBXFrameworksBuildPhase section */

/* Begin PBXGroup section */
		4EFBB22539D7D071E952EEB6 /* Frameworks */ = {
			isa = PBXGroup;
			children = (
				71F041A8B1DCE07B9545B285 /* libPods-TestGame.a */,
			);
			name = Frameworks;
			sourceTree = "<group>";
		};
		73174BC11AD28619000ACAB7 /* ImageStructureAnalyser */ = {
			isa = PBXGroup;
			children = (
				73174BCB1AD2CBA2000ACAB7 /* Classes */,
				73174BC21AD28665000ACAB7 /* ImageStructureAnalyser.h */,
				73174BC31AD28665000ACAB7 /* ImageStructureAnalyser.m */,
			);
			name = ImageStructureAnalyser;
			sourceTree = "<group>";
		};
		73174BCB1AD2CBA2000ACAB7 /* Classes */ = {
			isa = PBXGroup;
			children = (
				73174BCC1AD2CBAE000ACAB7 /* Window.h */,
				73174BCD1AD2CBAE000ACAB7 /* Window.m */,
				73174BCE1AD2CBAE000ACAB7 /* KPCScaleToFillNSImageView.h */,
				73174BCF1AD2CBAE000ACAB7 /* KPCScaleToFillNSImageView.m */,
				73174BD01AD2CBAE000ACAB7 /* NSMutableArray+MultidimensionalAdditions.h */,
				73174BD11AD2CBAE000ACAB7 /* NSMutableArray+MultidimensionalAdditions.m */,
				73174BD21AD2CBAE000ACAB7 /* NSImage+ImageProcessing.h */,
				73174BD31AD2CBAE000ACAB7 /* NSImage+ImageProcessing.m */,
			);
			name = Classes;
			sourceTree = "<group>";
		};
		73AC7A381AD1A5C900393598 = {
			isa = PBXGroup;
			children = (
				73AC7A431AD1A5C900393598 /* TestGame */,
				73AC7A5C1AD1A5C900393598 /* TestGameTests */,
				73AC7A421AD1A5C900393598 /* Products */,
				A15B8E6AE53C220CA3D0A1A0 /* Pods */,
				4EFBB22539D7D071E952EEB6 /* Frameworks */,
			);
			sourceTree = "<group>";
		};
		73AC7A421AD1A5C900393598 /* Products */ = {
			isa = PBXGroup;
			children = (
				73AC7A411AD1A5C900393598 /* TestGame.app */,
				73AC7A591AD1A5C900393598 /* TestGameTests.xctest */,
			);
			name = Products;
			sourceTree = "<group>";
		};
		73AC7A431AD1A5C900393598 /* TestGame */ = {
			isa = PBXGroup;
			children = (
				73AC7A461AD1A5C900393598 /* AppDelegate.h */,
				73AC7A471AD1A5C900393598 /* AppDelegate.m */,
				73AC7A4B1AD1A5C900393598 /* GameScene.h */,
				73AC7A4C1AD1A5C900393598 /* GameScene.m */,
				73174BC11AD28619000ACAB7 /* ImageStructureAnalyser */,
				73AC7A4E1AD1A5C900393598 /* GameScene.sks */,
				73AC7A501AD1A5C900393598 /* Images.xcassets */,
				73AC7A521AD1A5C900393598 /* MainMenu.xib */,
				73AC7A441AD1A5C900393598 /* Supporting Files */,
			);
			path = TestGame;
			sourceTree = "<group>";
		};
		73AC7A441AD1A5C900393598 /* Supporting Files */ = {
			isa = PBXGroup;
			children = (
				73AC7A451AD1A5C900393598 /* Info.plist */,
				73AC7A491AD1A5C900393598 /* main.m */,
			);
			name = "Supporting Files";
			sourceTree = "<group>";
		};
		73AC7A5C1AD1A5C900393598 /* TestGameTests */ = {
			isa = PBXGroup;
			children = (
				73AC7A5F1AD1A5C900393598 /* TestGameTests.m */,
				73AC7A5D1AD1A5C900393598 /* Supporting Files */,
			);
			path = TestGameTests;
			sourceTree = "<group>";
		};
		73AC7A5D1AD1A5C900393598 /* Supporting Files */ = {
			isa = PBXGroup;
			children = (
				73AC7A5E1AD1A5C900393598 /* Info.plist */,
			);
			name = "Supporting Files";
			sourceTree = "<group>";
		};
		A15B8E6AE53C220CA3D0A1A0 /* Pods */ = {
			isa = PBXGroup;
			children = (
				075EE40033CDF5C9C796EEB0 /* Pods-TestGame.debug.xcconfig */,
				890361CAA36FA5A6824BB7AB /* Pods-TestGame.release.xcconfig */,
			);
			name = Pods;
			sourceTree = "<group>";
		};
/* End PBXGroup section */

/* Begin PBXNativeTarget section */
		73AC7A401AD1A5C900393598 /* TestGame */ = {
			isa = PBXNativeTarget;
			buildConfigurationList = 73AC7A631AD1A5C900393598 /* Build configuration list for PBXNativeTarget "TestGame" */;
			buildPhases = (
				AF0EA43437279AEF9A747B06 /* Check Pods Manifest.lock */,
				73AC7A3D1AD1A5C900393598 /* Sources */,
				73AC7A3E1AD1A5C900393598 /* Frameworks */,
				73AC7A3F1AD1A5C900393598 /* Resources */,
				20D1792B2AC7C374F099D8AB /* Copy Pods Resources */,
			);
			buildRules = (
			);
			dependencies = (
			);
			name = TestGame;
			productName = TestGame;
			productReference = 73AC7A411AD1A5C900393598 /* TestGame.app */;
			productType = "com.apple.product-type.application";
		};
		73AC7A581AD1A5C900393598 /* TestGameTests */ = {
			isa = PBXNativeTarget;
			buildConfigurationList = 73AC7A661AD1A5C900393598 /* Build configuration list for PBXNativeTarget "TestGameTests" */;
			buildPhases = (
				73AC7A551AD1A5C900393598 /* Sources */,
				73AC7A561AD1A5C900393598 /* Frameworks */,
				73AC7A571AD1A5C900393598 /* Resources */,
			);
			buildRules = (
			);
			dependencies = (
				73AC7A5B1AD1A5C900393598 /* PBXTargetDependency */,
			);
			name = TestGameTests;
			productName = TestGameTests;
			productReference = 73AC7A591AD1A5C900393598 /* TestGameTests.xctest */;
			productType = "com.apple.product-type.bundle.unit-test";
		};
/* End PBXNativeTarget section */

/* Begin PBXProject section */
		73AC7A391AD1A5C900393598 /* Project object */ = {
			isa = PBXProject;
			attributes = {
				LastUpgradeCheck = 0620;
				ORGANIZATIONNAME = "Aaron Randall";
				TargetAttributes = {
					73AC7A401AD1A5C900393598 = {
						CreatedOnToolsVersion = 6.2;
					};
					73AC7A581AD1A5C900393598 = {
						CreatedOnToolsVersion = 6.2;
						TestTargetID = 73AC7A401AD1A5C900393598;
					};
				};
			};
			buildConfigurationList = 73AC7A3C1AD1A5C900393598 /* Build configuration list for PBXProject "TestGame" */;
			compatibilityVersion = "Xcode 3.2";
			developmentRegion = English;
			hasScannedForEncodings = 0;
			knownRegions = (
				en,
				Base,
			);
			mainGroup = 73AC7A381AD1A5C900393598;
			productRefGroup = 73AC7A421AD1A5C900393598 /* Products */;
			projectDirPath = "";
			projectRoot = "";
			targets = (
				73AC7A401AD1A5C900393598 /* TestGame */,
				73AC7A581AD1A5C900393598 /* TestGameTests */,
			);
		};
/* End PBXProject section */

/* Begin PBXResourcesBuildPhase section */
		73AC7A3F1AD1A5C900393598 /* Resources */ = {
			isa = PBXResourcesBuildPhase;
			buildActionMask = 2147483647;
			files = (
				73AC7A4F1AD1A5C900393598 /* GameScene.sks in Resources */,
				73AC7A511AD1A5C900393598 /* Images.xcassets in Resources */,
				73AC7A541AD1A5C900393598 /* MainMenu.xib in Resources */,
			);
			runOnlyForDeploymentPostprocessing = 0;
		};
		73AC7A571AD1A5C900393598 /* Resources */ = {
			isa = PBXResourcesBuildPhase;
			buildActionMask = 2147483647;
			files = (
			);
			runOnlyForDeploymentPostprocessing = 0;
		};
/* End PBXResourcesBuildPhase section */

/* Begin PBXShellScriptBuildPhase section */
		20D1792B2AC7C374F099D8AB /* Copy Pods Resources */ = {
			isa = PBXShellScriptBuildPhase;
			buildActionMask = 2147483647;
			files = (
			);
			inputPaths = (
			);
			name = "Copy Pods Resources";
			outputPaths = (
			);
			runOnlyForDeploymentPostprocessing = 0;
			shellPath = /bin/sh;
			shellScript = "\"${SRCROOT}/Pods/Target Support Files/Pods-TestGame/Pods-TestGame-resources.sh\"\n";
			showEnvVarsInLog = 0;
		};
		AF0EA43437279AEF9A747B06 /* Check Pods Manifest.lock */ = {
			isa = PBXShellScriptBuildPhase;
			buildActionMask = 2147483647;
			files = (
			);
			inputPaths = (
			);
			name = "Check Pods Manifest.lock";
			outputPaths = (
			);
			runOnlyForDeploymentPostprocessing = 0;
			shellPath = /bin/sh;
			shellScript = "diff \"${PODS_ROOT}/../Podfile.lock\" \"${PODS_ROOT}/Manifest.lock\" > /dev/null\nif [[ $? != 0 ]] ; then\n    cat << EOM\nerror: The sandbox is not in sync with the Podfile.lock. Run 'pod install' or update your CocoaPods installation.\nEOM\n    exit 1\nfi\n";
			showEnvVarsInLog = 0;
		};
/* End PBXShellScriptBuildPhase section */

/* Begin PBXSourcesBuildPhase section */
		73AC7A3D1AD1A5C900393598 /* Sources */ = {
			isa = PBXSourcesBuildPhase;
			buildActionMask = 2147483647;
			files = (
				73AC7A4A1AD1A5C900393598 /* main.m in Sources */,
				73AC7A4D1AD1A5C900393598 /* GameScene.m in Sources */,
				73174BC41AD28665000ACAB7 /* ImageStructureAnalyser.m in Sources */,
				73174BD71AD2CBAE000ACAB7 /* NSImage+ImageProcessing.m in Sources */,
				73174BD51AD2CBAE000ACAB7 /* KPCScaleToFillNSImageView.m in Sources */,
				73AC7A481AD1A5C900393598 /* AppDelegate.m in Sources */,
				73174BD41AD2CBAE000ACAB7 /* Window.m in Sources */,
				73174BD61AD2CBAE000ACAB7 /* NSMutableArray+MultidimensionalAdditions.m in Sources */,
			);
			runOnlyForDeploymentPostprocessing = 0;
		};
		73AC7A551AD1A5C900393598 /* Sources */ = {
			isa = PBXSourcesBuildPhase;
			buildActionMask = 2147483647;
			files = (
				73AC7A601AD1A5C900393598 /* TestGameTests.m in Sources */,
			);
			runOnlyForDeploymentPostprocessing = 0;
		};
/* End PBXSourcesBuildPhase section */

/* Begin PBXTargetDependency section */
		73AC7A5B1AD1A5C900393598 /* PBXTargetDependency */ = {
			isa = PBXTargetDependency;
			target = 73AC7A401AD1A5C900393598 /* TestGame */;
			targetProxy = 73AC7A5A1AD1A5C900393598 /* PBXContainerItemProxy */;
		};
/* End PBXTargetDependency section */

/* Begin PBXVariantGroup section */
		73AC7A521AD1A5C900393598 /* MainMenu.xib */ = {
			isa = PBXVariantGroup;
			children = (
				73AC7A531AD1A5C900393598 /* Base */,
			);
			name = MainMenu.xib;
			sourceTree = "<group>";
		};
/* End PBXVariantGroup section */

/* Begin XCBuildConfiguration section */
		73AC7A611AD1A5C900393598 /* Debug */ = {
			isa = XCBuildConfiguration;
			buildSettings = {
				ALWAYS_SEARCH_USER_PATHS = NO;
				CLANG_CXX_LANGUAGE_STANDARD = "gnu++0x";
				CLANG_CXX_LIBRARY = "libc++";
				CLANG_ENABLE_MODULES = YES;
				CLANG_ENABLE_OBJC_ARC = YES;
				CLANG_WARN_BOOL_CONVERSION = YES;
				CLANG_WARN_CONSTANT_CONVERSION = YES;
				CLANG_WARN_DIRECT_OBJC_ISA_USAGE = YES_ERROR;
				CLANG_WARN_EMPTY_BODY = YES;
				CLANG_WARN_ENUM_CONVERSION = YES;
				CLANG_WARN_INT_CONVERSION = YES;
				CLANG_WARN_OBJC_ROOT_CLASS = YES_ERROR;
				CLANG_WARN_UNREACHABLE_CODE = YES;
				CLANG_WARN__DUPLICATE_METHOD_MATCH = YES;
				CODE_SIGN_IDENTITY = "-";
				COPY_PHASE_STRIP = NO;
				ENABLE_STRICT_OBJC_MSGSEND = YES;
				GCC_C_LANGUAGE_STANDARD = gnu99;
				GCC_DYNAMIC_NO_PIC = NO;
				GCC_OPTIMIZATION_LEVEL = 0;
				GCC_PREPROCESSOR_DEFINITIONS = (
					"DEBUG=1",
					"$(inherited)",
				);
				GCC_SYMBOLS_PRIVATE_EXTERN = NO;
				GCC_WARN_64_TO_32_BIT_CONVERSION = YES;
				GCC_WARN_ABOUT_RETURN_TYPE = YES_ERROR;
				GCC_WARN_UNDECLARED_SELECTOR = YES;
				GCC_WARN_UNINITIALIZED_AUTOS = YES_AGGRESSIVE;
				GCC_WARN_UNUSED_FUNCTION = YES;
				GCC_WARN_UNUSED_VARIABLE = YES;
				MACOSX_DEPLOYMENT_TARGET = 10.10;
				MTL_ENABLE_DEBUG_INFO = YES;
				ONLY_ACTIVE_ARCH = YES;
				SDKROOT = macosx;
			};
			name = Debug;
		};
		73AC7A621AD1A5C900393598 /* Release */ = {
			isa = XCBuildConfiguration;
			buildSettings = {
				ALWAYS_SEARCH_USER_PATHS = NO;
				CLANG_CXX_LANGUAGE_STANDARD = "gnu++0x";
				CLANG_CXX_LIBRARY = "libc++";
				CLANG_ENABLE_MODULES = YES;
				CLANG_ENABLE_OBJC_ARC = YES;
				CLANG_WARN_BOOL_CONVERSION = YES;
				CLANG_WARN_CONSTANT_CONVERSION = YES;
				CLANG_WARN_DIRECT_OBJC_ISA_USAGE = YES_ERROR;
				CLANG_WARN_EMPTY_BODY = YES;
				CLANG_WARN_ENUM_CONVERSION = YES;
				CLANG_WARN_INT_CONVERSION = YES;
				CLANG_WARN_OBJC_ROOT_CLASS = YES_ERROR;
				CLANG_WARN_UNREACHABLE_CODE = YES;
				CLANG_WARN__DUPLICATE_METHOD_MATCH = YES;
				CODE_SIGN_IDENTITY = "-";
				COPY_PHASE_STRIP = NO;
				DEBUG_INFORMATION_FORMAT = "dwarf-with-dsym";
				ENABLE_NS_ASSERTIONS = NO;
				ENABLE_STRICT_OBJC_MSGSEND = YES;
				GCC_C_LANGUAGE_STANDARD = gnu99;
				GCC_WARN_64_TO_32_BIT_CONVERSION = YES;
				GCC_WARN_ABOUT_RETURN_TYPE = YES_ERROR;
				GCC_WARN_UNDECLARED_SELECTOR = YES;
				GCC_WARN_UNINITIALIZED_AUTOS = YES_AGGRESSIVE;
				GCC_WARN_UNUSED_FUNCTION = YES;
				GCC_WARN_UNUSED_VARIABLE = YES;
				MACOSX_DEPLOYMENT_TARGET = 10.10;
				MTL_ENABLE_DEBUG_INFO = NO;
				SDKROOT = macosx;
			};
			name = Release;
		};
		73AC7A641AD1A5C900393598 /* Debug */ = {
			isa = XCBuildConfiguration;
			baseConfigurationReference = 075EE40033CDF5C9C796EEB0 /* Pods-TestGame.debug.xcconfig */;
			buildSettings = {
				ASSETCATALOG_COMPILER_APPICON_NAME = AppIcon;
				COMBINE_HIDPI_IMAGES = YES;
				INFOPLIST_FILE = TestGame/Info.plist;
				LD_RUNPATH_SEARCH_PATHS = "$(inherited) @executable_path/../Frameworks";
				PRODUCT_NAME = "$(TARGET_NAME)";
			};
			name = Debug;
		};
		73AC7A651AD1A5C900393598 /* Release */ = {
			isa = XCBuildConfiguration;
			baseConfigurationReference = 890361CAA36FA5A6824BB7AB /* Pods-TestGame.release.xcconfig */;
			buildSettings = {
				ASSETCATALOG_COMPILER_APPICON_NAME = AppIcon;
				COMBINE_HIDPI_IMAGES = YES;
				INFOPLIST_FILE = TestGame/Info.plist;
				LD_RUNPATH_SEARCH_PATHS = "$(inherited) @executable_path/../Frameworks";
				PRODUCT_NAME = "$(TARGET_NAME)";
			};
			name = Release;
		};
		73AC7A671AD1A5C900393598 /* Debug */ = {
			isa = XCBuildConfiguration;
			buildSettings = {
				BUNDLE_LOADER = "$(TEST_HOST)";
				COMBINE_HIDPI_IMAGES = YES;
				FRAMEWORK_SEARCH_PATHS = (
					"$(DEVELOPER_FRAMEWORKS_DIR)",
					"$(inherited)",
				);
				GCC_PREPROCESSOR_DEFINITIONS = (
					"DEBUG=1",
					"$(inherited)",
				);
				INFOPLIST_FILE = TestGameTests/Info.plist;
				LD_RUNPATH_SEARCH_PATHS = "$(inherited) @executable_path/../Frameworks @loader_path/../Frameworks";
				PRODUCT_NAME = "$(TARGET_NAME)";
				TEST_HOST = "$(BUILT_PRODUCTS_DIR)/TestGame.app/Contents/MacOS/TestGame";
			};
			name = Debug;
		};
		73AC7A681AD1A5C900393598 /* Release */ = {
			isa = XCBuildConfiguration;
			buildSettings = {
				BUNDLE_LOADER = "$(TEST_HOST)";
				COMBINE_HIDPI_IMAGES = YES;
				FRAMEWORK_SEARCH_PATHS = (
					"$(DEVELOPER_FRAMEWORKS_DIR)",
					"$(inherited)",
				);
				INFOPLIST_FILE = TestGameTests/Info.plist;
				LD_RUNPATH_SEARCH_PATHS = "$(inherited) @executable_path/../Frameworks @loader_path/../Frameworks";
				PRODUCT_NAME = "$(TARGET_NAME)";
				TEST_HOST = "$(BUILT_PRODUCTS_DIR)/TestGame.app/Contents/MacOS/TestGame";
			};
			name = Release;
		};
/* End XCBuildConfiguration section */

/* Begin XCConfigurationList section */
		73AC7A3C1AD1A5C900393598 /* Build configuration list for PBXProject "TestGame" */ = {
			isa = XCConfigurationList;
			buildConfigurations = (
				73AC7A611AD1A5C900393598 /* Debug */,
				73AC7A621AD1A5C900393598 /* Release */,
			);
			defaultConfigurationIsVisible = 0;
			defaultConfigurationName = Release;
		};
		73AC7A631AD1A5C900393598 /* Build configuration list for PBXNativeTarget "TestGame" */ = {
			isa = XCConfigurationList;
			buildConfigurations = (
				73AC7A641AD1A5C900393598 /* Debug */,
				73AC7A651AD1A5C900393598 /* Release */,
			);
			defaultConfigurationIsVisible = 0;
			defaultConfigurationName = Release;
		};
		73AC7A661AD1A5C900393598 /* Build configuration list for PBXNativeTarget "TestGameTests" */ = {
			isa = XCConfigurationList;
			buildConfigurations = (
				73AC7A671AD1A5C900393598 /* Debug */,
				73AC7A681AD1A5C900393598 /* Release */,
			);
			defaultConfigurationIsVisible = 0;
			defaultConfigurationName = Release;
		};
/* End XCConfigurationList section */
	};
	rootObject = 73AC7A391AD1A5C900393598 /* Project object */;
}
