// !$*UTF8*$!
{
	archiveVersion = 1;
	classes = {
	};
	objectVersion = 46;
	objects = {

/* Begin PBXBuildFile section */
		731AED0C1AFE7B6A00D15B71 /* AppDelegate.m in Sources */ = {isa = PBXBuildFile; fileRef = 731AED0B1AFE7B6A00D15B71 /* AppDelegate.m */; };
		731AED0E1AFE7B6A00D15B71 /* main.m in Sources */ = {isa = PBXBuildFile; fileRef = 731AED0D1AFE7B6A00D15B71 /* main.m */; };
		731AED111AFE7B6A00D15B71 /* GameScene.m in Sources */ = {isa = PBXBuildFile; fileRef = 731AED101AFE7B6A00D15B71 /* GameScene.m */; };
		731AED131AFE7B6A00D15B71 /* GameScene.sks in Resources */ = {isa = PBXBuildFile; fileRef = 731AED121AFE7B6A00D15B71 /* GameScene.sks */; };
		731AED241AFE7B6A00D15B71 /* ScreentendoTests.m in Sources */ = {isa = PBXBuildFile; fileRef = 731AED231AFE7B6A00D15B71 /* ScreentendoTests.m */; };
		731AED3F1AFE7CC900D15B71 /* Images.xcassets in Resources */ = {isa = PBXBuildFile; fileRef = 731AED3E1AFE7CC900D15B71 /* Images.xcassets */; };
		731AED411AFE7CD500D15B71 /* MainMenu.xib in Resources */ = {isa = PBXBuildFile; fileRef = 731AED401AFE7CD500D15B71 /* MainMenu.xib */; };
		731AED4C1AFE7E4400D15B71 /* ImageStructureAnalyser.m in Sources */ = {isa = PBXBuildFile; fileRef = 731AED431AFE7E4400D15B71 /* ImageStructureAnalyser.m */; };
		731AED4D1AFE7E4400D15B71 /* KPCScaleToFillNSImageView.m in Sources */ = {isa = PBXBuildFile; fileRef = 731AED451AFE7E4400D15B71 /* KPCScaleToFillNSImageView.m */; };
		731AED4E1AFE7E4400D15B71 /* NSImage+ImageProcessing.m in Sources */ = {isa = PBXBuildFile; fileRef = 731AED471AFE7E4400D15B71 /* NSImage+ImageProcessing.m */; };
		731AED4F1AFE7E4400D15B71 /* NSMutableArray+MultidimensionalAdditions.m in Sources */ = {isa = PBXBuildFile; fileRef = 731AED491AFE7E4400D15B71 /* NSMutableArray+MultidimensionalAdditions.m */; };
		731AED501AFE7E4400D15B71 /* Window.m in Sources */ = {isa = PBXBuildFile; fileRef = 731AED4B1AFE7E4400D15B71 /* Window.m */; };
		D23B79637C0EAA745757B99C /* libPods-Screentendo.a in Frameworks */ = {isa = PBXBuildFile; fileRef = 27DDB0532298AF4CF9B690AE /* libPods-Screentendo.a */; };
/* End PBXBuildFile section */

/* Begin PBXContainerItemProxy section */
		731AED1E1AFE7B6A00D15B71 /* PBXContainerItemProxy */ = {
			isa = PBXContainerItemProxy;
			containerPortal = 731AECFD1AFE7B6A00D15B71 /* Project object */;
			proxyType = 1;
			remoteGlobalIDString = 731AED041AFE7B6A00D15B71;
			remoteInfo = Screentendo;
		};
/* End PBXContainerItemProxy section */

/* Begin PBXFileReference section */
		08A4E64361A4510EB34855B1 /* Pods-Screentendo.debug.xcconfig */ = {isa = PBXFileReference; includeInIndex = 1; lastKnownFileType = text.xcconfig; name = "Pods-Screentendo.debug.xcconfig"; path = "Pods/Target Support Files/Pods-Screentendo/Pods-Screentendo.debug.xcconfig"; sourceTree = "<group>"; };
		27DDB0532298AF4CF9B690AE /* libPods-Screentendo.a */ = {isa = PBXFileReference; explicitFileType = archive.ar; includeInIndex = 0; path = "libPods-Screentendo.a"; sourceTree = BUILT_PRODUCTS_DIR; };
		731AED051AFE7B6A00D15B71 /* Screentendo.app */ = {isa = PBXFileReference; explicitFileType = wrapper.application; includeInIndex = 0; path = Screentendo.app; sourceTree = BUILT_PRODUCTS_DIR; };
		731AED091AFE7B6A00D15B71 /* Info.plist */ = {isa = PBXFileReference; lastKnownFileType = text.plist.xml; path = Info.plist; sourceTree = "<group>"; };
		731AED0A1AFE7B6A00D15B71 /* AppDelegate.h */ = {isa = PBXFileReference; lastKnownFileType = sourcecode.c.h; path = AppDelegate.h; sourceTree = "<group>"; };
		731AED0B1AFE7B6A00D15B71 /* AppDelegate.m */ = {isa = PBXFileReference; lastKnownFileType = sourcecode.c.objc; path = AppDelegate.m; sourceTree = "<group>"; };
		731AED0D1AFE7B6A00D15B71 /* main.m */ = {isa = PBXFileReference; lastKnownFileType = sourcecode.c.objc; path = main.m; sourceTree = "<group>"; };
		731AED0F1AFE7B6A00D15B71 /* GameScene.h */ = {isa = PBXFileReference; lastKnownFileType = sourcecode.c.h; path = GameScene.h; sourceTree = "<group>"; };
		731AED101AFE7B6A00D15B71 /* GameScene.m */ = {isa = PBXFileReference; lastKnownFileType = sourcecode.c.objc; path = GameScene.m; sourceTree = "<group>"; };
		731AED121AFE7B6A00D15B71 /* GameScene.sks */ = {isa = PBXFileReference; lastKnownFileType = file.sks; path = GameScene.sks; sourceTree = "<group>"; };
		731AED1D1AFE7B6A00D15B71 /* ScreentendoTests.xctest */ = {isa = PBXFileReference; explicitFileType = wrapper.cfbundle; includeInIndex = 0; path = ScreentendoTests.xctest; sourceTree = BUILT_PRODUCTS_DIR; };
		731AED221AFE7B6A00D15B71 /* Info.plist */ = {isa = PBXFileReference; lastKnownFileType = text.plist.xml; path = Info.plist; sourceTree = "<group>"; };
		731AED231AFE7B6A00D15B71 /* ScreentendoTests.m */ = {isa = PBXFileReference; lastKnownFileType = sourcecode.c.objc; path = ScreentendoTests.m; sourceTree = "<group>"; };
		731AED3E1AFE7CC900D15B71 /* Images.xcassets */ = {isa = PBXFileReference; lastKnownFileType = folder.assetcatalog; path = Images.xcassets; sourceTree = "<group>"; };
		731AED401AFE7CD500D15B71 /* MainMenu.xib */ = {isa = PBXFileReference; fileEncoding = 4; lastKnownFileType = file.xib; path = MainMenu.xib; sourceTree = "<group>"; };
		731AED421AFE7E4400D15B71 /* ImageStructureAnalyser.h */ = {isa = PBXFileReference; fileEncoding = 4; lastKnownFileType = sourcecode.c.h; name = ImageStructureAnalyser.h; path = ImageStructureAnalyser/ImageStructureAnalyser.h; sourceTree = "<group>"; };
		731AED431AFE7E4400D15B71 /* ImageStructureAnalyser.m */ = {isa = PBXFileReference; fileEncoding = 4; lastKnownFileType = sourcecode.c.objc; name = ImageStructureAnalyser.m; path = ImageStructureAnalyser/ImageStructureAnalyser.m; sourceTree = "<group>"; };
		731AED441AFE7E4400D15B71 /* KPCScaleToFillNSImageView.h */ = {isa = PBXFileReference; fileEncoding = 4; lastKnownFileType = sourcecode.c.h; name = KPCScaleToFillNSImageView.h; path = ImageStructureAnalyser/KPCScaleToFillNSImageView.h; sourceTree = "<group>"; };
		731AED451AFE7E4400D15B71 /* KPCScaleToFillNSImageView.m */ = {isa = PBXFileReference; fileEncoding = 4; lastKnownFileType = sourcecode.c.objc; name = KPCScaleToFillNSImageView.m; path = ImageStructureAnalyser/KPCScaleToFillNSImageView.m; sourceTree = "<group>"; };
		731AED461AFE7E4400D15B71 /* NSImage+ImageProcessing.h */ = {isa = PBXFileReference; fileEncoding = 4; lastKnownFileType = sourcecode.c.h; name = "NSImage+ImageProcessing.h"; path = "ImageStructureAnalyser/NSImage+ImageProcessing.h"; sourceTree = "<group>"; };
		731AED471AFE7E4400D15B71 /* NSImage+ImageProcessing.m */ = {isa = PBXFileReference; fileEncoding = 4; lastKnownFileType = sourcecode.c.objc; name = "NSImage+ImageProcessing.m"; path = "ImageStructureAnalyser/NSImage+ImageProcessing.m"; sourceTree = "<group>"; };
		731AED481AFE7E4400D15B71 /* NSMutableArray+MultidimensionalAdditions.h */ = {isa = PBXFileReference; fileEncoding = 4; lastKnownFileType = sourcecode.c.h; name = "NSMutableArray+MultidimensionalAdditions.h"; path = "ImageStructureAnalyser/NSMutableArray+MultidimensionalAdditions.h"; sourceTree = "<group>"; };
		731AED491AFE7E4400D15B71 /* NSMutableArray+MultidimensionalAdditions.m */ = {isa = PBXFileReference; fileEncoding = 4; lastKnownFileType = sourcecode.c.objc; name = "NSMutableArray+MultidimensionalAdditions.m"; path = "ImageStructureAnalyser/NSMutableArray+MultidimensionalAdditions.m"; sourceTree = "<group>"; };
		731AED4A1AFE7E4400D15B71 /* Window.h */ = {isa = PBXFileReference; fileEncoding = 4; lastKnownFileType = sourcecode.c.h; name = Window.h; path = ImageStructureAnalyser/Window.h; sourceTree = "<group>"; };
		731AED4B1AFE7E4400D15B71 /* Window.m */ = {isa = PBXFileReference; fileEncoding = 4; lastKnownFileType = sourcecode.c.objc; name = Window.m; path = ImageStructureAnalyser/Window.m; sourceTree = "<group>"; };
		A168B24C1FA11BAEE0ABF41E /* Pods-Screentendo.release.xcconfig */ = {isa = PBXFileReference; includeInIndex = 1; lastKnownFileType = text.xcconfig; name = "Pods-Screentendo.release.xcconfig"; path = "Pods/Target Support Files/Pods-Screentendo/Pods-Screentendo.release.xcconfig"; sourceTree = "<group>"; };
/* End PBXFileReference section */

/* Begin PBXFrameworksBuildPhase section */
		731AED021AFE7B6A00D15B71 /* Frameworks */ = {
			isa = PBXFrameworksBuildPhase;
			buildActionMask = 2147483647;
			files = (
				D23B79637C0EAA745757B99C /* libPods-Screentendo.a in Frameworks */,
			);
			runOnlyForDeploymentPostprocessing = 0;
		};
		731AED1A1AFE7B6A00D15B71 /* Frameworks */ = {
			isa = PBXFrameworksBuildPhase;
			buildActionMask = 2147483647;
			files = (
			);
			runOnlyForDeploymentPostprocessing = 0;
		};
/* End PBXFrameworksBuildPhase section */

/* Begin PBXGroup section */
		1E2115FA9E8A94FCAB9BBC2E /* Pods */ = {
			isa = PBXGroup;
			children = (
				08A4E64361A4510EB34855B1 /* Pods-Screentendo.debug.xcconfig */,
				A168B24C1FA11BAEE0ABF41E /* Pods-Screentendo.release.xcconfig */,
			);
			name = Pods;
			sourceTree = "<group>";
		};
		3239381F9EBE19242CEE0533 /* Frameworks */ = {
			isa = PBXGroup;
			children = (
				27DDB0532298AF4CF9B690AE /* libPods-Screentendo.a */,
			);
			name = Frameworks;
			sourceTree = "<group>";
		};
		731AECFC1AFE7B6A00D15B71 = {
			isa = PBXGroup;
			children = (
				731AED071AFE7B6A00D15B71 /* Screentendo */,
				731AED201AFE7B6A00D15B71 /* ScreentendoTests */,
				731AED061AFE7B6A00D15B71 /* Products */,
				1E2115FA9E8A94FCAB9BBC2E /* Pods */,
				3239381F9EBE19242CEE0533 /* Frameworks */,
			);
			sourceTree = "<group>";
		};
		731AED061AFE7B6A00D15B71 /* Products */ = {
			isa = PBXGroup;
			children = (
				731AED051AFE7B6A00D15B71 /* Screentendo.app */,
				731AED1D1AFE7B6A00D15B71 /* ScreentendoTests.xctest */,
			);
			name = Products;
			sourceTree = "<group>";
		};
		731AED071AFE7B6A00D15B71 /* Screentendo */ = {
			isa = PBXGroup;
			children = (
				731AED0A1AFE7B6A00D15B71 /* AppDelegate.h */,
				731AED0B1AFE7B6A00D15B71 /* AppDelegate.m */,
				731AED0F1AFE7B6A00D15B71 /* GameScene.h */,
				731AED101AFE7B6A00D15B71 /* GameScene.m */,
				731AED121AFE7B6A00D15B71 /* GameScene.sks */,
				731AED2D1AFE7C8200D15B71 /* ImageStructureAnalyser */,
				731AED3E1AFE7CC900D15B71 /* Images.xcassets */,
				731AED401AFE7CD500D15B71 /* MainMenu.xib */,
				731AED081AFE7B6A00D15B71 /* Supporting Files */,
			);
			path = Screentendo;
			sourceTree = "<group>";
		};
		731AED081AFE7B6A00D15B71 /* Supporting Files */ = {
			isa = PBXGroup;
			children = (
				731AED091AFE7B6A00D15B71 /* Info.plist */,
				731AED0D1AFE7B6A00D15B71 /* main.m */,
			);
			name = "Supporting Files";
			sourceTree = "<group>";
		};
		731AED201AFE7B6A00D15B71 /* ScreentendoTests */ = {
			isa = PBXGroup;
			children = (
				731AED231AFE7B6A00D15B71 /* ScreentendoTests.m */,
				731AED211AFE7B6A00D15B71 /* Supporting Files */,
			);
			path = ScreentendoTests;
			sourceTree = "<group>";
		};
		731AED211AFE7B6A00D15B71 /* Supporting Files */ = {
			isa = PBXGroup;
			children = (
				731AED221AFE7B6A00D15B71 /* Info.plist */,
			);
			name = "Supporting Files";
			sourceTree = "<group>";
		};
		731AED2D1AFE7C8200D15B71 /* ImageStructureAnalyser */ = {
			isa = PBXGroup;
			children = (
				731AED421AFE7E4400D15B71 /* ImageStructureAnalyser.h */,
				731AED431AFE7E4400D15B71 /* ImageStructureAnalyser.m */,
				731AED441AFE7E4400D15B71 /* KPCScaleToFillNSImageView.h */,
				731AED451AFE7E4400D15B71 /* KPCScaleToFillNSImageView.m */,
				731AED461AFE7E4400D15B71 /* NSImage+ImageProcessing.h */,
				731AED471AFE7E4400D15B71 /* NSImage+ImageProcessing.m */,
				731AED481AFE7E4400D15B71 /* NSMutableArray+MultidimensionalAdditions.h */,
				731AED491AFE7E4400D15B71 /* NSMutableArray+MultidimensionalAdditions.m */,
				731AED4A1AFE7E4400D15B71 /* Window.h */,
				731AED4B1AFE7E4400D15B71 /* Window.m */,
			);
			name = ImageStructureAnalyser;
			sourceTree = "<group>";
		};
/* End PBXGroup section */

/* Begin PBXNativeTarget section */
		731AED041AFE7B6A00D15B71 /* Screentendo */ = {
			isa = PBXNativeTarget;
			buildConfigurationList = 731AED271AFE7B6A00D15B71 /* Build configuration list for PBXNativeTarget "Screentendo" */;
			buildPhases = (
				AA3177CEE6663B9FDBA0B126 /* Check Pods Manifest.lock */,
				731AED011AFE7B6A00D15B71 /* Sources */,
				731AED021AFE7B6A00D15B71 /* Frameworks */,
				731AED031AFE7B6A00D15B71 /* Resources */,
				7FF4B9FFE51D512BEFC962A8 /* Copy Pods Resources */,
			);
			buildRules = (
			);
			dependencies = (
			);
			name = Screentendo;
			productName = Screentendo;
			productReference = 731AED051AFE7B6A00D15B71 /* Screentendo.app */;
			productType = "com.apple.product-type.application";
		};
		731AED1C1AFE7B6A00D15B71 /* ScreentendoTests */ = {
			isa = PBXNativeTarget;
			buildConfigurationList = 731AED2A1AFE7B6A00D15B71 /* Build configuration list for PBXNativeTarget "ScreentendoTests" */;
			buildPhases = (
				731AED191AFE7B6A00D15B71 /* Sources */,
				731AED1A1AFE7B6A00D15B71 /* Frameworks */,
				731AED1B1AFE7B6A00D15B71 /* Resources */,
			);
			buildRules = (
			);
			dependencies = (
				731AED1F1AFE7B6A00D15B71 /* PBXTargetDependency */,
			);
			name = ScreentendoTests;
			productName = ScreentendoTests;
			productReference = 731AED1D1AFE7B6A00D15B71 /* ScreentendoTests.xctest */;
			productType = "com.apple.product-type.bundle.unit-test";
		};
/* End PBXNativeTarget section */

/* Begin PBXProject section */
		731AECFD1AFE7B6A00D15B71 /* Project object */ = {
			isa = PBXProject;
			attributes = {
				LastUpgradeCheck = 0630;
				ORGANIZATIONNAME = "Aaron Randall";
				TargetAttributes = {
					731AED041AFE7B6A00D15B71 = {
						CreatedOnToolsVersion = 6.3.1;
					};
					731AED1C1AFE7B6A00D15B71 = {
						CreatedOnToolsVersion = 6.3.1;
						TestTargetID = 731AED041AFE7B6A00D15B71;
					};
				};
			};
			buildConfigurationList = 731AED001AFE7B6A00D15B71 /* Build configuration list for PBXProject "Screentendo" */;
			compatibilityVersion = "Xcode 3.2";
			developmentRegion = English;
			hasScannedForEncodings = 0;
			knownRegions = (
				en,
				Base,
			);
			mainGroup = 731AECFC1AFE7B6A00D15B71;
			productRefGroup = 731AED061AFE7B6A00D15B71 /* Products */;
			projectDirPath = "";
			projectRoot = "";
			targets = (
				731AED041AFE7B6A00D15B71 /* Screentendo */,
				731AED1C1AFE7B6A00D15B71 /* ScreentendoTests */,
			);
		};
/* End PBXProject section */

/* Begin PBXResourcesBuildPhase section */
		731AED031AFE7B6A00D15B71 /* Resources */ = {
			isa = PBXResourcesBuildPhase;
			buildActionMask = 2147483647;
			files = (
				731AED3F1AFE7CC900D15B71 /* Images.xcassets in Resources */,
				731AED131AFE7B6A00D15B71 /* GameScene.sks in Resources */,
				731AED411AFE7CD500D15B71 /* MainMenu.xib in Resources */,
			);
			runOnlyForDeploymentPostprocessing = 0;
		};
		731AED1B1AFE7B6A00D15B71 /* Resources */ = {
			isa = PBXResourcesBuildPhase;
			buildActionMask = 2147483647;
			files = (
			);
			runOnlyForDeploymentPostprocessing = 0;
		};
/* End PBXResourcesBuildPhase section */

/* Begin PBXShellScriptBuildPhase section */
		7FF4B9FFE51D512BEFC962A8 /* Copy Pods Resources */ = {
			isa = PBXShellScriptBuildPhase;
			buildActionMask = 2147483647;
			files = (
			);
			inputPaths = (
			);
			name = "Copy Pods Resources";
			outputPaths = (
			);
			runOnlyForDeploymentPostprocessing = 0;
			shellPath = /bin/sh;
			shellScript = "\"${SRCROOT}/Pods/Target Support Files/Pods-Screentendo/Pods-Screentendo-resources.sh\"\n";
			showEnvVarsInLog = 0;
		};
		AA3177CEE6663B9FDBA0B126 /* Check Pods Manifest.lock */ = {
			isa = PBXShellScriptBuildPhase;
			buildActionMask = 2147483647;
			files = (
			);
			inputPaths = (
			);
			name = "Check Pods Manifest.lock";
			outputPaths = (
			);
			runOnlyForDeploymentPostprocessing = 0;
			shellPath = /bin/sh;
			shellScript = "diff \"${PODS_ROOT}/../Podfile.lock\" \"${PODS_ROOT}/Manifest.lock\" > /dev/null\nif [[ $? != 0 ]] ; then\n    cat << EOM\nerror: The sandbox is not in sync with the Podfile.lock. Run 'pod install' or update your CocoaPods installation.\nEOM\n    exit 1\nfi\n";
			showEnvVarsInLog = 0;
		};
/* End PBXShellScriptBuildPhase section */

/* Begin PBXSourcesBuildPhase section */
		731AED011AFE7B6A00D15B71 /* Sources */ = {
			isa = PBXSourcesBuildPhase;
			buildActionMask = 2147483647;
			files = (
				731AED0E1AFE7B6A00D15B71 /* main.m in Sources */,
				731AED4E1AFE7E4400D15B71 /* NSImage+ImageProcessing.m in Sources */,
				731AED111AFE7B6A00D15B71 /* GameScene.m in Sources */,
				731AED501AFE7E4400D15B71 /* Window.m in Sources */,
				731AED4D1AFE7E4400D15B71 /* KPCScaleToFillNSImageView.m in Sources */,
				731AED4C1AFE7E4400D15B71 /* ImageStructureAnalyser.m in Sources */,
				731AED0C1AFE7B6A00D15B71 /* AppDelegate.m in Sources */,
				731AED4F1AFE7E4400D15B71 /* NSMutableArray+MultidimensionalAdditions.m in Sources */,
			);
			runOnlyForDeploymentPostprocessing = 0;
		};
		731AED191AFE7B6A00D15B71 /* Sources */ = {
			isa = PBXSourcesBuildPhase;
			buildActionMask = 2147483647;
			files = (
				731AED241AFE7B6A00D15B71 /* ScreentendoTests.m in Sources */,
			);
			runOnlyForDeploymentPostprocessing = 0;
		};
/* End PBXSourcesBuildPhase section */

/* Begin PBXTargetDependency section */
		731AED1F1AFE7B6A00D15B71 /* PBXTargetDependency */ = {
			isa = PBXTargetDependency;
			target = 731AED041AFE7B6A00D15B71 /* Screentendo */;
			targetProxy = 731AED1E1AFE7B6A00D15B71 /* PBXContainerItemProxy */;
		};
/* End PBXTargetDependency section */

/* Begin XCBuildConfiguration section */
		731AED251AFE7B6A00D15B71 /* Debug */ = {
			isa = XCBuildConfiguration;
			buildSettings = {
				ALWAYS_SEARCH_USER_PATHS = NO;
				CLANG_CXX_LANGUAGE_STANDARD = "gnu++0x";
				CLANG_CXX_LIBRARY = "libc++";
				CLANG_ENABLE_MODULES = YES;
				CLANG_ENABLE_OBJC_ARC = YES;
				CLANG_WARN_BOOL_CONVERSION = YES;
				CLANG_WARN_CONSTANT_CONVERSION = YES;
				CLANG_WARN_DIRECT_OBJC_ISA_USAGE = YES_ERROR;
				CLANG_WARN_EMPTY_BODY = YES;
				CLANG_WARN_ENUM_CONVERSION = YES;
				CLANG_WARN_INT_CONVERSION = YES;
				CLANG_WARN_OBJC_ROOT_CLASS = YES_ERROR;
				CLANG_WARN_UNREACHABLE_CODE = YES;
				CLANG_WARN__DUPLICATE_METHOD_MATCH = YES;
				CODE_SIGN_IDENTITY = "-";
				COPY_PHASE_STRIP = NO;
				DEBUG_INFORMATION_FORMAT = dwarf;
				ENABLE_STRICT_OBJC_MSGSEND = YES;
				GCC_C_LANGUAGE_STANDARD = gnu99;
				GCC_DYNAMIC_NO_PIC = NO;
				GCC_NO_COMMON_BLOCKS = YES;
				GCC_OPTIMIZATION_LEVEL = 0;
				GCC_PREPROCESSOR_DEFINITIONS = (
					"DEBUG=1",
					"$(inherited)",
				);
				GCC_SYMBOLS_PRIVATE_EXTERN = NO;
				GCC_WARN_64_TO_32_BIT_CONVERSION = YES;
				GCC_WARN_ABOUT_RETURN_TYPE = YES_ERROR;
				GCC_WARN_UNDECLARED_SELECTOR = YES;
				GCC_WARN_UNINITIALIZED_AUTOS = YES_AGGRESSIVE;
				GCC_WARN_UNUSED_FUNCTION = YES;
				GCC_WARN_UNUSED_VARIABLE = YES;
				MACOSX_DEPLOYMENT_TARGET = 10.10;
				MTL_ENABLE_DEBUG_INFO = YES;
				ONLY_ACTIVE_ARCH = YES;
				SDKROOT = macosx;
			};
			name = Debug;
		};
		731AED261AFE7B6A00D15B71 /* Release */ = {
			isa = XCBuildConfiguration;
			buildSettings = {
				ALWAYS_SEARCH_USER_PATHS = NO;
				CLANG_CXX_LANGUAGE_STANDARD = "gnu++0x";
				CLANG_CXX_LIBRARY = "libc++";
				CLANG_ENABLE_MODULES = YES;
				CLANG_ENABLE_OBJC_ARC = YES;
				CLANG_WARN_BOOL_CONVERSION = YES;
				CLANG_WARN_CONSTANT_CONVERSION = YES;
				CLANG_WARN_DIRECT_OBJC_ISA_USAGE = YES_ERROR;
				CLANG_WARN_EMPTY_BODY = YES;
				CLANG_WARN_ENUM_CONVERSION = YES;
				CLANG_WARN_INT_CONVERSION = YES;
				CLANG_WARN_OBJC_ROOT_CLASS = YES_ERROR;
				CLANG_WARN_UNREACHABLE_CODE = YES;
				CLANG_WARN__DUPLICATE_METHOD_MATCH = YES;
				CODE_SIGN_IDENTITY = "-";
				COPY_PHASE_STRIP = NO;
				DEBUG_INFORMATION_FORMAT = "dwarf-with-dsym";
				ENABLE_NS_ASSERTIONS = NO;
				ENABLE_STRICT_OBJC_MSGSEND = YES;
				GCC_C_LANGUAGE_STANDARD = gnu99;
				GCC_NO_COMMON_BLOCKS = YES;
				GCC_WARN_64_TO_32_BIT_CONVERSION = YES;
				GCC_WARN_ABOUT_RETURN_TYPE = YES_ERROR;
				GCC_WARN_UNDECLARED_SELECTOR = YES;
				GCC_WARN_UNINITIALIZED_AUTOS = YES_AGGRESSIVE;
				GCC_WARN_UNUSED_FUNCTION = YES;
				GCC_WARN_UNUSED_VARIABLE = YES;
				MACOSX_DEPLOYMENT_TARGET = 10.10;
				MTL_ENABLE_DEBUG_INFO = NO;
				SDKROOT = macosx;
			};
			name = Release;
		};
		731AED281AFE7B6A00D15B71 /* Debug */ = {
			isa = XCBuildConfiguration;
			baseConfigurationReference = 08A4E64361A4510EB34855B1 /* Pods-Screentendo.debug.xcconfig */;
			buildSettings = {
				ASSETCATALOG_COMPILER_APPICON_NAME = AppIcon;
				COMBINE_HIDPI_IMAGES = YES;
				INFOPLIST_FILE = Screentendo/Info.plist;
				LD_RUNPATH_SEARCH_PATHS = "$(inherited) @executable_path/../Frameworks";
				PRODUCT_NAME = "$(TARGET_NAME)";
			};
			name = Debug;
		};
		731AED291AFE7B6A00D15B71 /* Release */ = {
			isa = XCBuildConfiguration;
			baseConfigurationReference = A168B24C1FA11BAEE0ABF41E /* Pods-Screentendo.release.xcconfig */;
			buildSettings = {
				ASSETCATALOG_COMPILER_APPICON_NAME = AppIcon;
				COMBINE_HIDPI_IMAGES = YES;
				INFOPLIST_FILE = Screentendo/Info.plist;
				LD_RUNPATH_SEARCH_PATHS = "$(inherited) @executable_path/../Frameworks";
				PRODUCT_NAME = "$(TARGET_NAME)";
			};
			name = Release;
		};
		731AED2B1AFE7B6A00D15B71 /* Debug */ = {
			isa = XCBuildConfiguration;
			buildSettings = {
				BUNDLE_LOADER = "$(TEST_HOST)";
				COMBINE_HIDPI_IMAGES = YES;
				FRAMEWORK_SEARCH_PATHS = (
					"$(DEVELOPER_FRAMEWORKS_DIR)",
					"$(inherited)",
				);
				GCC_PREPROCESSOR_DEFINITIONS = (
					"DEBUG=1",
					"$(inherited)",
				);
				INFOPLIST_FILE = ScreentendoTests/Info.plist;
				LD_RUNPATH_SEARCH_PATHS = "$(inherited) @executable_path/../Frameworks @loader_path/../Frameworks";
				PRODUCT_NAME = "$(TARGET_NAME)";
				TEST_HOST = "$(BUILT_PRODUCTS_DIR)/Screentendo.app/Contents/MacOS/Screentendo";
			};
			name = Debug;
		};
		731AED2C1AFE7B6A00D15B71 /* Release */ = {
			isa = XCBuildConfiguration;
			buildSettings = {
				BUNDLE_LOADER = "$(TEST_HOST)";
				COMBINE_HIDPI_IMAGES = YES;
				FRAMEWORK_SEARCH_PATHS = (
					"$(DEVELOPER_FRAMEWORKS_DIR)",
					"$(inherited)",
				);
				INFOPLIST_FILE = ScreentendoTests/Info.plist;
				LD_RUNPATH_SEARCH_PATHS = "$(inherited) @executable_path/../Frameworks @loader_path/../Frameworks";
				PRODUCT_NAME = "$(TARGET_NAME)";
				TEST_HOST = "$(BUILT_PRODUCTS_DIR)/Screentendo.app/Contents/MacOS/Screentendo";
			};
			name = Release;
		};
/* End XCBuildConfiguration section */

/* Begin XCConfigurationList section */
		731AED001AFE7B6A00D15B71 /* Build configuration list for PBXProject "Screentendo" */ = {
			isa = XCConfigurationList;
			buildConfigurations = (
				731AED251AFE7B6A00D15B71 /* Debug */,
				731AED261AFE7B6A00D15B71 /* Release */,
			);
			defaultConfigurationIsVisible = 0;
			defaultConfigurationName = Release;
		};
		731AED271AFE7B6A00D15B71 /* Build configuration list for PBXNativeTarget "Screentendo" */ = {
			isa = XCConfigurationList;
			buildConfigurations = (
				731AED281AFE7B6A00D15B71 /* Debug */,
				731AED291AFE7B6A00D15B71 /* Release */,
			);
			defaultConfigurationIsVisible = 0;
			defaultConfigurationName = Release;
		};
		731AED2A1AFE7B6A00D15B71 /* Build configuration list for PBXNativeTarget "ScreentendoTests" */ = {
			isa = XCConfigurationList;
			buildConfigurations = (
				731AED2B1AFE7B6A00D15B71 /* Debug */,
				731AED2C1AFE7B6A00D15B71 /* Release */,
			);
			defaultConfigurationIsVisible = 0;
			defaultConfigurationName = Release;
		};
/* End XCConfigurationList section */
	};
	rootObject = 731AECFD1AFE7B6A00D15B71 /* Project object */;
}
